// !$*UTF8*$!
{
	archiveVersion = 1;
	classes = {
	};
	objectVersion = 56;
	objects = {

/* Begin PBXBuildFile section */
		489AE4FE2A20C22900E76BB9 /* AppDelegate.swift in Sources */ = {isa = PBXBuildFile; fileRef = 489AE4FD2A20C22900E76BB9 /* AppDelegate.swift */; };
		489AE5002A20C22900E76BB9 /* SceneDelegate.swift in Sources */ = {isa = PBXBuildFile; fileRef = 489AE4FF2A20C22900E76BB9 /* SceneDelegate.swift */; };
		489AE5022A20C22900E76BB9 /* MainViewController.swift in Sources */ = {isa = PBXBuildFile; fileRef = 489AE5012A20C22900E76BB9 /* MainViewController.swift */; };
		489AE5052A20C22900E76BB9 /* Main.storyboard in Resources */ = {isa = PBXBuildFile; fileRef = 489AE5032A20C22900E76BB9 /* Main.storyboard */; };
		489AE5072A20C22B00E76BB9 /* Assets.xcassets in Resources */ = {isa = PBXBuildFile; fileRef = 489AE5062A20C22B00E76BB9 /* Assets.xcassets */; };
		489AE50A2A20C22B00E76BB9 /* LaunchScreen.storyboard in Resources */ = {isa = PBXBuildFile; fileRef = 489AE5082A20C22B00E76BB9 /* LaunchScreen.storyboard */; };
		489AE5392A2605F700E76BB9 /* Card.swift in Sources */ = {isa = PBXBuildFile; fileRef = 489AE5382A2605F700E76BB9 /* Card.swift */; };
		489AE53B2A26181100E76BB9 /* CardCell.swift in Sources */ = {isa = PBXBuildFile; fileRef = 489AE53A2A26181100E76BB9 /* CardCell.swift */; };
		489AE53F2A26322000E76BB9 /* DetailViewController.swift in Sources */ = {isa = PBXBuildFile; fileRef = 489AE53E2A26322000E76BB9 /* DetailViewController.swift */; };
/* End PBXBuildFile section */

/* Begin PBXFileReference section */
		489AE4FA2A20C22900E76BB9 /* ToComSorte.app */ = {isa = PBXFileReference; explicitFileType = wrapper.application; includeInIndex = 0; path = ToComSorte.app; sourceTree = BUILT_PRODUCTS_DIR; };
		489AE4FD2A20C22900E76BB9 /* AppDelegate.swift */ = {isa = PBXFileReference; lastKnownFileType = sourcecode.swift; path = AppDelegate.swift; sourceTree = "<group>"; };
		489AE4FF2A20C22900E76BB9 /* SceneDelegate.swift */ = {isa = PBXFileReference; lastKnownFileType = sourcecode.swift; path = SceneDelegate.swift; sourceTree = "<group>"; };
		489AE5012A20C22900E76BB9 /* MainViewController.swift */ = {isa = PBXFileReference; lastKnownFileType = sourcecode.swift; path = MainViewController.swift; sourceTree = "<group>"; };
		489AE5042A20C22900E76BB9 /* Base */ = {isa = PBXFileReference; lastKnownFileType = file.storyboard; name = Base; path = Base.lproj/Main.storyboard; sourceTree = "<group>"; };
		489AE5062A20C22B00E76BB9 /* Assets.xcassets */ = {isa = PBXFileReference; lastKnownFileType = folder.assetcatalog; path = Assets.xcassets; sourceTree = "<group>"; };
		489AE5092A20C22B00E76BB9 /* Base */ = {isa = PBXFileReference; lastKnownFileType = file.storyboard; name = Base; path = Base.lproj/LaunchScreen.storyboard; sourceTree = "<group>"; };
		489AE50B2A20C22B00E76BB9 /* Info.plist */ = {isa = PBXFileReference; lastKnownFileType = text.plist.xml; path = Info.plist; sourceTree = "<group>"; };
		489AE5382A2605F700E76BB9 /* Card.swift */ = {isa = PBXFileReference; lastKnownFileType = sourcecode.swift; path = Card.swift; sourceTree = "<group>"; };
		489AE53A2A26181100E76BB9 /* CardCell.swift */ = {isa = PBXFileReference; lastKnownFileType = sourcecode.swift; path = CardCell.swift; sourceTree = "<group>"; };
		489AE53E2A26322000E76BB9 /* DetailViewController.swift */ = {isa = PBXFileReference; lastKnownFileType = sourcecode.swift; path = DetailViewController.swift; sourceTree = "<group>"; };
/* End PBXFileReference section */

/* Begin PBXFrameworksBuildPhase section */
		489AE4F72A20C22900E76BB9 /* Frameworks */ = {
			isa = PBXFrameworksBuildPhase;
			buildActionMask = 2147483647;
			files = (
			);
			runOnlyForDeploymentPostprocessing = 0;
		};
/* End PBXFrameworksBuildPhase section */

/* Begin PBXGroup section */
		489AE4F12A20C22900E76BB9 = {
			isa = PBXGroup;
			children = (
				489AE4FC2A20C22900E76BB9 /* ToComSorte */,
				489AE4FB2A20C22900E76BB9 /* Products */,
			);
			sourceTree = "<group>";
		};
		489AE4FB2A20C22900E76BB9 /* Products */ = {
			isa = PBXGroup;
			children = (
				489AE4FA2A20C22900E76BB9 /* ToComSorte.app */,
			);
			name = Products;
			sourceTree = "<group>";
		};
		489AE4FC2A20C22900E76BB9 /* ToComSorte */ = {
			isa = PBXGroup;
			children = (
				489AE4FD2A20C22900E76BB9 /* AppDelegate.swift */,
				489AE4FF2A20C22900E76BB9 /* SceneDelegate.swift */,
				489AE5032A20C22900E76BB9 /* Main.storyboard */,
				489AE5012A20C22900E76BB9 /* MainViewController.swift */,
				489AE5382A2605F700E76BB9 /* Card.swift */,
				489AE53A2A26181100E76BB9 /* CardCell.swift */,
				489AE53E2A26322000E76BB9 /* DetailViewController.swift */,
				489AE5062A20C22B00E76BB9 /* Assets.xcassets */,
				489AE5082A20C22B00E76BB9 /* LaunchScreen.storyboard */,
				489AE50B2A20C22B00E76BB9 /* Info.plist */,
			);
			path = ToComSorte;
			sourceTree = "<group>";
		};
/* End PBXGroup section */

/* Begin PBXNativeTarget section */
		489AE4F92A20C22900E76BB9 /* ToComSorte */ = {
			isa = PBXNativeTarget;
			buildConfigurationList = 489AE50E2A20C22B00E76BB9 /* Build configuration list for PBXNativeTarget "ToComSorte" */;
			buildPhases = (
				489AE4F62A20C22900E76BB9 /* Sources */,
				489AE4F72A20C22900E76BB9 /* Frameworks */,
				489AE4F82A20C22900E76BB9 /* Resources */,
			);
			buildRules = (
			);
			dependencies = (
			);
			name = ToComSorte;
			productName = ToComSorte;
			productReference = 489AE4FA2A20C22900E76BB9 /* ToComSorte.app */;
			productType = "com.apple.product-type.application";
		};
/* End PBXNativeTarget section */

/* Begin PBXProject section */
		489AE4F22A20C22900E76BB9 /* Project object */ = {
			isa = PBXProject;
			attributes = {
				BuildIndependentTargetsInParallel = 1;
				LastSwiftUpdateCheck = 1430;
				LastUpgradeCheck = 1430;
				TargetAttributes = {
					489AE4F92A20C22900E76BB9 = {
						CreatedOnToolsVersion = 14.3;
					};
				};
			};
			buildConfigurationList = 489AE4F52A20C22900E76BB9 /* Build configuration list for PBXProject "ToComSorte" */;
			compatibilityVersion = "Xcode 14.0";
			developmentRegion = en;
			hasScannedForEncodings = 0;
			knownRegions = (
				en,
				Base,
			);
			mainGroup = 489AE4F12A20C22900E76BB9;
			productRefGroup = 489AE4FB2A20C22900E76BB9 /* Products */;
			projectDirPath = "";
			projectRoot = "";
			targets = (
				489AE4F92A20C22900E76BB9 /* ToComSorte */,
			);
		};
/* End PBXProject section */

/* Begin PBXResourcesBuildPhase section */
		489AE4F82A20C22900E76BB9 /* Resources */ = {
			isa = PBXResourcesBuildPhase;
			buildActionMask = 2147483647;
			files = (
				489AE50A2A20C22B00E76BB9 /* LaunchScreen.storyboard in Resources */,
				489AE5072A20C22B00E76BB9 /* Assets.xcassets in Resources */,
				489AE5052A20C22900E76BB9 /* Main.storyboard in Resources */,
			);
			runOnlyForDeploymentPostprocessing = 0;
		};
/* End PBXResourcesBuildPhase section */

/* Begin PBXSourcesBuildPhase section */
		489AE4F62A20C22900E76BB9 /* Sources */ = {
			isa = PBXSourcesBuildPhase;
			buildActionMask = 2147483647;
			files = (
				489AE53B2A26181100E76BB9 /* CardCell.swift in Sources */,
				489AE5022A20C22900E76BB9 /* MainViewController.swift in Sources */,
				489AE4FE2A20C22900E76BB9 /* AppDelegate.swift in Sources */,
				489AE53F2A26322000E76BB9 /* DetailViewController.swift in Sources */,
				489AE5002A20C22900E76BB9 /* SceneDelegate.swift in Sources */,
				489AE5392A2605F700E76BB9 /* Card.swift in Sources */,
			);
			runOnlyForDeploymentPostprocessing = 0;
		};
/* End PBXSourcesBuildPhase section */

/* Begin PBXVariantGroup section */
		489AE5032A20C22900E76BB9 /* Main.storyboard */ = {
			isa = PBXVariantGroup;
			children = (
				489AE5042A20C22900E76BB9 /* Base */,
			);
			name = Main.storyboard;
			sourceTree = "<group>";
		};
		489AE5082A20C22B00E76BB9 /* LaunchScreen.storyboard */ = {
			isa = PBXVariantGroup;
			children = (
				489AE5092A20C22B00E76BB9 /* Base */,
			);
			name = LaunchScreen.storyboard;
			sourceTree = "<group>";
		};
/* End PBXVariantGroup section */

/* Begin XCBuildConfiguration section */
		489AE50C2A20C22B00E76BB9 /* Debug */ = {
			isa = XCBuildConfiguration;
			buildSettings = {
				ALWAYS_SEARCH_USER_PATHS = NO;
				CLANG_ANALYZER_NONNULL = YES;
				CLANG_ANALYZER_NUMBER_OBJECT_CONVERSION = YES_AGGRESSIVE;
				CLANG_CXX_LANGUAGE_STANDARD = "gnu++20";
				CLANG_ENABLE_MODULES = YES;
				CLANG_ENABLE_OBJC_ARC = YES;
				CLANG_ENABLE_OBJC_WEAK = YES;
				CLANG_WARN_BLOCK_CAPTURE_AUTORELEASING = YES;
				CLANG_WARN_BOOL_CONVERSION = YES;
				CLANG_WARN_COMMA = YES;
				CLANG_WARN_CONSTANT_CONVERSION = YES;
				CLANG_WARN_DEPRECATED_OBJC_IMPLEMENTATIONS = YES;
				CLANG_WARN_DIRECT_OBJC_ISA_USAGE = YES_ERROR;
				CLANG_WARN_DOCUMENTATION_COMMENTS = YES;
				CLANG_WARN_EMPTY_BODY = YES;
				CLANG_WARN_ENUM_CONVERSION = YES;
				CLANG_WARN_INFINITE_RECURSION = YES;
				CLANG_WARN_INT_CONVERSION = YES;
				CLANG_WARN_NON_LITERAL_NULL_CONVERSION = YES;
				CLANG_WARN_OBJC_IMPLICIT_RETAIN_SELF = YES;
				CLANG_WARN_OBJC_LITERAL_CONVERSION = YES;
				CLANG_WARN_OBJC_ROOT_CLASS = YES_ERROR;
				CLANG_WARN_QUOTED_INCLUDE_IN_FRAMEWORK_HEADER = YES;
				CLANG_WARN_RANGE_LOOP_ANALYSIS = YES;
				CLANG_WARN_STRICT_PROTOTYPES = YES;
				CLANG_WARN_SUSPICIOUS_MOVE = YES;
				CLANG_WARN_UNGUARDED_AVAILABILITY = YES_AGGRESSIVE;
				CLANG_WARN_UNREACHABLE_CODE = YES;
				CLANG_WARN__DUPLICATE_METHOD_MATCH = YES;
				COPY_PHASE_STRIP = NO;
				DEBUG_INFORMATION_FORMAT = dwarf;
				ENABLE_STRICT_OBJC_MSGSEND = YES;
				ENABLE_TESTABILITY = YES;
				GCC_C_LANGUAGE_STANDARD = gnu11;
				GCC_DYNAMIC_NO_PIC = NO;
				GCC_NO_COMMON_BLOCKS = YES;
				GCC_OPTIMIZATION_LEVEL = 0;
				GCC_PREPROCESSOR_DEFINITIONS = (
					"DEBUG=1",
					"$(inherited)",
				);
				GCC_WARN_64_TO_32_BIT_CONVERSION = YES;
				GCC_WARN_ABOUT_RETURN_TYPE = YES_ERROR;
				GCC_WARN_UNDECLARED_SELECTOR = YES;
				GCC_WARN_UNINITIALIZED_AUTOS = YES_AGGRESSIVE;
				GCC_WARN_UNUSED_FUNCTION = YES;
				GCC_WARN_UNUSED_VARIABLE = YES;
				IPHONEOS_DEPLOYMENT_TARGET = 16.4;
				MTL_ENABLE_DEBUG_INFO = INCLUDE_SOURCE;
				MTL_FAST_MATH = YES;
				ONLY_ACTIVE_ARCH = YES;
				SDKROOT = iphoneos;
				SWIFT_ACTIVE_COMPILATION_CONDITIONS = DEBUG;
				SWIFT_OPTIMIZATION_LEVEL = "-Onone";
			};
			name = Debug;
		};
		489AE50D2A20C22B00E76BB9 /* Release */ = {
			isa = XCBuildConfiguration;
			buildSettings = {
				ALWAYS_SEARCH_USER_PATHS = NO;
				CLANG_ANALYZER_NONNULL = YES;
				CLANG_ANALYZER_NUMBER_OBJECT_CONVERSION = YES_AGGRESSIVE;
				CLANG_CXX_LANGUAGE_STANDARD = "gnu++20";
				CLANG_ENABLE_MODULES = YES;
				CLANG_ENABLE_OBJC_ARC = YES;
				CLANG_ENABLE_OBJC_WEAK = YES;
				CLANG_WARN_BLOCK_CAPTURE_AUTORELEASING = YES;
				CLANG_WARN_BOOL_CONVERSION = YES;
				CLANG_WARN_COMMA = YES;
				CLANG_WARN_CONSTANT_CONVERSION = YES;
				CLANG_WARN_DEPRECATED_OBJC_IMPLEMENTATIONS = YES;
				CLANG_WARN_DIRECT_OBJC_ISA_USAGE = YES_ERROR;
				CLANG_WARN_DOCUMENTATION_COMMENTS = YES;
				CLANG_WARN_EMPTY_BODY = YES;
				CLANG_WARN_ENUM_CONVERSION = YES;
				CLANG_WARN_INFINITE_RECURSION = YES;
				CLANG_WARN_INT_CONVERSION = YES;
				CLANG_WARN_NON_LITERAL_NULL_CONVERSION = YES;
				CLANG_WARN_OBJC_IMPLICIT_RETAIN_SELF = YES;
				CLANG_WARN_OBJC_LITERAL_CONVERSION = YES;
				CLANG_WARN_OBJC_ROOT_CLASS = YES_ERROR;
				CLANG_WARN_QUOTED_INCLUDE_IN_FRAMEWORK_HEADER = YES;
				CLANG_WARN_RANGE_LOOP_ANALYSIS = YES;
				CLANG_WARN_STRICT_PROTOTYPES = YES;
				CLANG_WARN_SUSPICIOUS_MOVE = YES;
				CLANG_WARN_UNGUARDED_AVAILABILITY = YES_AGGRESSIVE;
				CLANG_WARN_UNREACHABLE_CODE = YES;
				CLANG_WARN__DUPLICATE_METHOD_MATCH = YES;
				COPY_PHASE_STRIP = NO;
				DEBUG_INFORMATION_FORMAT = "dwarf-with-dsym";
				ENABLE_NS_ASSERTIONS = NO;
				ENABLE_STRICT_OBJC_MSGSEND = YES;
				GCC_C_LANGUAGE_STANDARD = gnu11;
				GCC_NO_COMMON_BLOCKS = YES;
				GCC_WARN_64_TO_32_BIT_CONVERSION = YES;
				GCC_WARN_ABOUT_RETURN_TYPE = YES_ERROR;
				GCC_WARN_UNDECLARED_SELECTOR = YES;
				GCC_WARN_UNINITIALIZED_AUTOS = YES_AGGRESSIVE;
				GCC_WARN_UNUSED_FUNCTION = YES;
				GCC_WARN_UNUSED_VARIABLE = YES;
				IPHONEOS_DEPLOYMENT_TARGET = 16.4;
				MTL_ENABLE_DEBUG_INFO = NO;
				MTL_FAST_MATH = YES;
				SDKROOT = iphoneos;
				SWIFT_COMPILATION_MODE = wholemodule;
				SWIFT_OPTIMIZATION_LEVEL = "-O";
				VALIDATE_PRODUCT = YES;
			};
			name = Release;
		};
		489AE50F2A20C22B00E76BB9 /* Debug */ = {
			isa = XCBuildConfiguration;
			buildSettings = {
				ASSETCATALOG_COMPILER_APPICON_NAME = AppIcon;
				ASSETCATALOG_COMPILER_GLOBAL_ACCENT_COLOR_NAME = AccentColor;
				CODE_SIGN_STYLE = Automatic;
				CURRENT_PROJECT_VERSION = 1;
				DEVELOPMENT_TEAM = HT9NV9BAKV;
				GENERATE_INFOPLIST_FILE = YES;
				INFOPLIST_FILE = ToComSorte/Info.plist;
				INFOPLIST_KEY_UIApplicationSupportsIndirectInputEvents = YES;
				INFOPLIST_KEY_UILaunchStoryboardName = LaunchScreen;
				INFOPLIST_KEY_UIMainStoryboardFile = Main;
				INFOPLIST_KEY_UISupportedInterfaceOrientations_iPad = "UIInterfaceOrientationPortrait UIInterfaceOrientationPortraitUpsideDown UIInterfaceOrientationLandscapeLeft UIInterfaceOrientationLandscapeRight";
				INFOPLIST_KEY_UISupportedInterfaceOrientations_iPhone = "UIInterfaceOrientationPortrait UIInterfaceOrientationLandscapeLeft UIInterfaceOrientationLandscapeRight";
				LD_RUNPATH_SEARCH_PATHS = (
					"$(inherited)",
					"@executable_path/Frameworks",
				);
				MARKETING_VERSION = 1.0;
				PRODUCT_BUNDLE_IDENTIFIER = com.gabrielrossi.ToComSorte;
				PRODUCT_NAME = "$(TARGET_NAME)";
				SWIFT_EMIT_LOC_STRINGS = YES;
				SWIFT_VERSION = 5.0;
				TARGETED_DEVICE_FAMILY = "1,2";
			};
			name = Debug;
		};
		489AE5102A20C22B00E76BB9 /* Release */ = {
			isa = XCBuildConfiguration;
			buildSettings = {
				ASSETCATALOG_COMPILER_APPICON_NAME = AppIcon;
				ASSETCATALOG_COMPILER_GLOBAL_ACCENT_COLOR_NAME = AccentColor;
				CODE_SIGN_STYLE = Automatic;
				CURRENT_PROJECT_VERSION = 1;
				DEVELOPMENT_TEAM = HT9NV9BAKV;
				GENERATE_INFOPLIST_FILE = YES;
				INFOPLIST_FILE = ToComSorte/Info.plist;
				INFOPLIST_KEY_UIApplicationSupportsIndirectInputEvents = YES;
				INFOPLIST_KEY_UILaunchStoryboardName = LaunchScreen;
				INFOPLIST_KEY_UIMainStoryboardFile = Main;
				INFOPLIST_KEY_UISupportedInterfaceOrientations_iPad = "UIInterfaceOrientationPortrait UIInterfaceOrientationPortraitUpsideDown UIInterfaceOrientationLandscapeLeft UIInterfaceOrientationLandscapeRight";
				INFOPLIST_KEY_UISupportedInterfaceOrientations_iPhone = "UIInterfaceOrientationPortrait UIInterfaceOrientationLandscapeLeft UIInterfaceOrientationLandscapeRight";
				LD_RUNPATH_SEARCH_PATHS = (
					"$(inherited)",
					"@executable_path/Frameworks",
				);
				MARKETING_VERSION = 1.0;
				PRODUCT_BUNDLE_IDENTIFIER = com.gabrielrossi.ToComSorte;
				PRODUCT_NAME = "$(TARGET_NAME)";
				SWIFT_EMIT_LOC_STRINGS = YES;
				SWIFT_VERSION = 5.0;
				TARGETED_DEVICE_FAMILY = "1,2";
			};
			name = Release;
		};
/* End XCBuildConfiguration section */

/* Begin XCConfigurationList section */
		489AE4F52A20C22900E76BB9 /* Build configuration list for PBXProject "ToComSorte" */ = {
			isa = XCConfigurationList;
			buildConfigurations = (
				489AE50C2A20C22B00E76BB9 /* Debug */,
				489AE50D2A20C22B00E76BB9 /* Release */,
			);
			defaultConfigurationIsVisible = 0;
			defaultConfigurationName = Release;
		};
		489AE50E2A20C22B00E76BB9 /* Build configuration list for PBXNativeTarget "ToComSorte" */ = {
			isa = XCConfigurationList;
			buildConfigurations = (
				489AE50F2A20C22B00E76BB9 /* Debug */,
				489AE5102A20C22B00E76BB9 /* Release */,
			);
			defaultConfigurationIsVisible = 0;
			defaultConfigurationName = Release;
		};
/* End XCConfigurationList section */
	};
	rootObject = 489AE4F22A20C22900E76BB9 /* Project object */;
}
